
Microsoft Visual Studio Solution File, Format Version 12.00
# Visual Studio Version 16
VisualStudioVersion = 16.0.31410.357
MinimumVisualStudioVersion = 10.0.40219.1
Project("{FAE04EC0-301F-11D3-BF4B-00C04F79EFBC}") = "TamagochiGame", "TamagochiGame\TamagochiGame.csproj", "{7C6D4934-6FF9-4578-BD33-CE0FF06088D3}"
EndProject
Global
	GlobalSection(SolutionConfigurationPlatforms) = preSolution
		Debug|Any CPU = Debug|Any CPU
		Release|Any CPU = Release|Any CPU
	EndGlobalSection
	GlobalSection(ProjectConfigurationPlatforms) = postSolution
		{7C6D4934-6FF9-4578-BD33-CE0FF06088D3}.Debug|Any CPU.ActiveCfg = Debug|Any CPU
		{7C6D4934-6FF9-4578-BD33-CE0FF06088D3}.Debug|Any CPU.Build.0 = Debug|Any CPU
		{7C6D4934-6FF9-4578-BD33-CE0FF06088D3}.Release|Any CPU.ActiveCfg = Release|Any CPU
		{7C6D4934-6FF9-4578-BD33-CE0FF06088D3}.Release|Any CPU.Build.0 = Release|Any CPU
	EndGlobalSection
	GlobalSection(SolutionProperties) = preSolution
		HideSolutionNode = FALSE
	EndGlobalSection
	GlobalSection(ExtensibilityGlobals) = postSolution
		SolutionGuid = {043549F2-6E1B-4F2A-902D-BFC8761C0AA9}
	EndGlobalSection
EndGlobal
